// !$*UTF8*$!
{
	archiveVersion = 1;
	classes = {
	};
	objectVersion = 48;
	objects = {

/* Begin PBXBuildFile section */
		4B1DC3F81FA537A50021DB8B /* AppDelegate.swift in Sources */ = {isa = PBXBuildFile; fileRef = 4B1DC3F71FA537A50021DB8B /* AppDelegate.swift */; };
		4B1DC3FA1FA537A50021DB8B /* ViewController.swift in Sources */ = {isa = PBXBuildFile; fileRef = 4B1DC3F91FA537A50021DB8B /* ViewController.swift */; };
		4B1DC3FD1FA537A50021DB8B /* Main.storyboard in Resources */ = {isa = PBXBuildFile; fileRef = 4B1DC3FB1FA537A50021DB8B /* Main.storyboard */; };
		4B1DC3FF1FA537A50021DB8B /* Assets.xcassets in Resources */ = {isa = PBXBuildFile; fileRef = 4B1DC3FE1FA537A50021DB8B /* Assets.xcassets */; };
		4B1DC4021FA537A50021DB8B /* LaunchScreen.storyboard in Resources */ = {isa = PBXBuildFile; fileRef = 4B1DC4001FA537A50021DB8B /* LaunchScreen.storyboard */; };
		4B1DC40A1FA546410021DB8B /* WelcomeViewController.swift in Sources */ = {isa = PBXBuildFile; fileRef = 4B1DC4091FA546410021DB8B /* WelcomeViewController.swift */; };
		4BC59DD11FA7CD71009EE194 /* LineSeperator.swift in Sources */ = {isa = PBXBuildFile; fileRef = 4BC59DD01FA7CD71009EE194 /* LineSeperator.swift */; };
/* End PBXBuildFile section */

/* Begin PBXFileReference section */
		4B1DC3F41FA537A50021DB8B /* DesignTest.app */ = {isa = PBXFileReference; explicitFileType = wrapper.application; includeInIndex = 0; path = DesignTest.app; sourceTree = BUILT_PRODUCTS_DIR; };
		4B1DC3F71FA537A50021DB8B /* AppDelegate.swift */ = {isa = PBXFileReference; lastKnownFileType = sourcecode.swift; path = AppDelegate.swift; sourceTree = "<group>"; };
		4B1DC3F91FA537A50021DB8B /* ViewController.swift */ = {isa = PBXFileReference; lastKnownFileType = sourcecode.swift; path = ViewController.swift; sourceTree = "<group>"; };
		4B1DC3FC1FA537A50021DB8B /* Base */ = {isa = PBXFileReference; lastKnownFileType = file.storyboard; name = Base; path = Base.lproj/Main.storyboard; sourceTree = "<group>"; };
		4B1DC3FE1FA537A50021DB8B /* Assets.xcassets */ = {isa = PBXFileReference; lastKnownFileType = folder.assetcatalog; path = Assets.xcassets; sourceTree = "<group>"; };
		4B1DC4011FA537A50021DB8B /* Base */ = {isa = PBXFileReference; lastKnownFileType = file.storyboard; name = Base; path = Base.lproj/LaunchScreen.storyboard; sourceTree = "<group>"; };
		4B1DC4031FA537A50021DB8B /* Info.plist */ = {isa = PBXFileReference; lastKnownFileType = text.plist.xml; path = Info.plist; sourceTree = "<group>"; };
		4B1DC4091FA546410021DB8B /* WelcomeViewController.swift */ = {isa = PBXFileReference; lastKnownFileType = sourcecode.swift; path = WelcomeViewController.swift; sourceTree = "<group>"; };
		4BC59DD01FA7CD71009EE194 /* LineSeperator.swift */ = {isa = PBXFileReference; lastKnownFileType = sourcecode.swift; path = LineSeperator.swift; sourceTree = "<group>"; };
/* End PBXFileReference section */

/* Begin PBXFrameworksBuildPhase section */
		4B1DC3F11FA537A50021DB8B /* Frameworks */ = {
			isa = PBXFrameworksBuildPhase;
			buildActionMask = 2147483647;
			files = (
			);
			runOnlyForDeploymentPostprocessing = 0;
		};
/* End PBXFrameworksBuildPhase section */

/* Begin PBXGroup section */
		4B1DC3EB1FA537A50021DB8B = {
			isa = PBXGroup;
			children = (
				4B1DC3F61FA537A50021DB8B /* DesignTest */,
				4B1DC3F51FA537A50021DB8B /* Products */,
			);
			sourceTree = "<group>";
		};
		4B1DC3F51FA537A50021DB8B /* Products */ = {
			isa = PBXGroup;
			children = (
				4B1DC3F41FA537A50021DB8B /* DesignTest.app */,
			);
			name = Products;
			sourceTree = "<group>";
		};
		4B1DC3F61FA537A50021DB8B /* DesignTest */ = {
			isa = PBXGroup;
			children = (
				4B1DC3F71FA537A50021DB8B /* AppDelegate.swift */,
				4B1DC3F91FA537A50021DB8B /* ViewController.swift */,
				4BC59DD01FA7CD71009EE194 /* LineSeperator.swift */,
				4B1DC4091FA546410021DB8B /* WelcomeViewController.swift */,
				4B1DC3FB1FA537A50021DB8B /* Main.storyboard */,
				4B1DC3FE1FA537A50021DB8B /* Assets.xcassets */,
				4B1DC4001FA537A50021DB8B /* LaunchScreen.storyboard */,
				4B1DC4031FA537A50021DB8B /* Info.plist */,
			);
			path = DesignTest;
			sourceTree = "<group>";
		};
/* End PBXGroup section */

/* Begin PBXNativeTarget section */
		4B1DC3F31FA537A50021DB8B /* DesignTest */ = {
			isa = PBXNativeTarget;
			buildConfigurationList = 4B1DC4061FA537A50021DB8B /* Build configuration list for PBXNativeTarget "DesignTest" */;
			buildPhases = (
				4B1DC3F01FA537A50021DB8B /* Sources */,
				4B1DC3F11FA537A50021DB8B /* Frameworks */,
				4B1DC3F21FA537A50021DB8B /* Resources */,
			);
			buildRules = (
			);
			dependencies = (
			);
			name = DesignTest;
			productName = DesignTest;
			productReference = 4B1DC3F41FA537A50021DB8B /* DesignTest.app */;
			productType = "com.apple.product-type.application";
		};
/* End PBXNativeTarget section */

/* Begin PBXProject section */
		4B1DC3EC1FA537A50021DB8B /* Project object */ = {
			isa = PBXProject;
			attributes = {
				LastSwiftUpdateCheck = 0900;
				LastUpgradeCheck = 0900;
				ORGANIZATIONNAME = AM;
				TargetAttributes = {
					4B1DC3F31FA537A50021DB8B = {
						CreatedOnToolsVersion = 9.0;
						ProvisioningStyle = Automatic;
					};
				};
			};
			buildConfigurationList = 4B1DC3EF1FA537A50021DB8B /* Build configuration list for PBXProject "DesignTest" */;
			compatibilityVersion = "Xcode 8.0";
			developmentRegion = en;
			hasScannedForEncodings = 0;
			knownRegions = (
				en,
				Base,
			);
			mainGroup = 4B1DC3EB1FA537A50021DB8B;
			productRefGroup = 4B1DC3F51FA537A50021DB8B /* Products */;
			projectDirPath = "";
			projectRoot = "";
			targets = (
				4B1DC3F31FA537A50021DB8B /* DesignTest */,
			);
		};
/* End PBXProject section */

/* Begin PBXResourcesBuildPhase section */
		4B1DC3F21FA537A50021DB8B /* Resources */ = {
			isa = PBXResourcesBuildPhase;
			buildActionMask = 2147483647;
			files = (
				4B1DC4021FA537A50021DB8B /* LaunchScreen.storyboard in Resources */,
				4B1DC3FF1FA537A50021DB8B /* Assets.xcassets in Resources */,
				4B1DC3FD1FA537A50021DB8B /* Main.storyboard in Resources */,
			);
			runOnlyForDeploymentPostprocessing = 0;
		};
/* End PBXResourcesBuildPhase section */

/* Begin PBXSourcesBuildPhase section */
		4B1DC3F01FA537A50021DB8B /* Sources */ = {
			isa = PBXSourcesBuildPhase;
			buildActionMask = 2147483647;
			files = (
				4B1DC40A1FA546410021DB8B /* WelcomeViewController.swift in Sources */,
				4B1DC3FA1FA537A50021DB8B /* ViewController.swift in Sources */,
				4B1DC3F81FA537A50021DB8B /* AppDelegate.swift in Sources */,
				4BC59DD11FA7CD71009EE194 /* LineSeperator.swift in Sources */,
			);
			runOnlyForDeploymentPostprocessing = 0;
		};
/* End PBXSourcesBuildPhase section */

/* Begin PBXVariantGroup section */
		4B1DC3FB1FA537A50021DB8B /* Main.storyboard */ = {
			isa = PBXVariantGroup;
			children = (
				4B1DC3FC1FA537A50021DB8B /* Base */,
			);
			name = Main.storyboard;
			sourceTree = "<group>";
		};
		4B1DC4001FA537A50021DB8B /* LaunchScreen.storyboard */ = {
			isa = PBXVariantGroup;
			children = (
				4B1DC4011FA537A50021DB8B /* Base */,
			);
			name = LaunchScreen.storyboard;
			sourceTree = "<group>";
		};
/* End PBXVariantGroup section */

/* Begin XCBuildConfiguration section */
		4B1DC4041FA537A50021DB8B /* Debug */ = {
			isa = XCBuildConfiguration;
			buildSettings = {
				ALWAYS_SEARCH_USER_PATHS = NO;
				CLANG_ANALYZER_NONNULL = YES;
				CLANG_ANALYZER_NUMBER_OBJECT_CONVERSION = YES_AGGRESSIVE;
				CLANG_CXX_LANGUAGE_STANDARD = "gnu++14";
				CLANG_CXX_LIBRARY = "libc++";
				CLANG_ENABLE_MODULES = YES;
				CLANG_ENABLE_OBJC_ARC = YES;
				CLANG_WARN_BLOCK_CAPTURE_AUTORELEASING = YES;
				CLANG_WARN_BOOL_CONVERSION = YES;
				CLANG_WARN_COMMA = YES;
				CLANG_WARN_CONSTANT_CONVERSION = YES;
				CLANG_WARN_DIRECT_OBJC_ISA_USAGE = YES_ERROR;
				CLANG_WARN_DOCUMENTATION_COMMENTS = YES;
				CLANG_WARN_EMPTY_BODY = YES;
				CLANG_WARN_ENUM_CONVERSION = YES;
				CLANG_WARN_INFINITE_RECURSION = YES;
				CLANG_WARN_INT_CONVERSION = YES;
				CLANG_WARN_NON_LITERAL_NULL_CONVERSION = YES;
				CLANG_WARN_OBJC_LITERAL_CONVERSION = YES;
				CLANG_WARN_OBJC_ROOT_CLASS = YES_ERROR;
				CLANG_WARN_RANGE_LOOP_ANALYSIS = YES;
				CLANG_WARN_STRICT_PROTOTYPES = YES;
				CLANG_WARN_SUSPICIOUS_MOVE = YES;
				CLANG_WARN_UNGUARDED_AVAILABILITY = YES_AGGRESSIVE;
				CLANG_WARN_UNREACHABLE_CODE = YES;
				CLANG_WARN__DUPLICATE_METHOD_MATCH = YES;
				CODE_SIGN_IDENTITY = "iPhone Developer";
				COPY_PHASE_STRIP = NO;
				DEBUG_INFORMATION_FORMAT = dwarf;
				ENABLE_STRICT_OBJC_MSGSEND = YES;
				ENABLE_TESTABILITY = YES;
				GCC_C_LANGUAGE_STANDARD = gnu11;
				GCC_DYNAMIC_NO_PIC = NO;
				GCC_NO_COMMON_BLOCKS = YES;
				GCC_OPTIMIZATION_LEVEL = 0;
				GCC_PREPROCESSOR_DEFINITIONS = (
					"DEBUG=1",
					"$(inherited)",
				);
				GCC_WARN_64_TO_32_BIT_CONVERSION = YES;
				GCC_WARN_ABOUT_RETURN_TYPE = YES_ERROR;
				GCC_WARN_UNDECLARED_SELECTOR = YES;
				GCC_WARN_UNINITIALIZED_AUTOS = YES_AGGRESSIVE;
				GCC_WARN_UNUSED_FUNCTION = YES;
				GCC_WARN_UNUSED_VARIABLE = YES;
				IPHONEOS_DEPLOYMENT_TARGET = 11.0;
				MTL_ENABLE_DEBUG_INFO = YES;
				ONLY_ACTIVE_ARCH = YES;
				SDKROOT = iphoneos;
				SWIFT_ACTIVE_COMPILATION_CONDITIONS = DEBUG;
				SWIFT_OPTIMIZATION_LEVEL = "-Onone";
			};
			name = Debug;
		};
		4B1DC4051FA537A50021DB8B /* Release */ = {
			isa = XCBuildConfiguration;
			buildSettings = {
				ALWAYS_SEARCH_USER_PATHS = NO;
				CLANG_ANALYZER_NONNULL = YES;
				CLANG_ANALYZER_NUMBER_OBJECT_CONVERSION = YES_AGGRESSIVE;
				CLANG_CXX_LANGUAGE_STANDARD = "gnu++14";
				CLANG_CXX_LIBRARY = "libc++";
				CLANG_ENABLE_MODULES = YES;
				CLANG_ENABLE_OBJC_ARC = YES;
				CLANG_WARN_BLOCK_CAPTURE_AUTORELEASING = YES;
				CLANG_WARN_BOOL_CONVERSION = YES;
				CLANG_WARN_COMMA = YES;
				CLANG_WARN_CONSTANT_CONVERSION = YES;
				CLANG_WARN_DIRECT_OBJC_ISA_USAGE = YES_ERROR;
				CLANG_WARN_DOCUMENTATION_COMMENTS = YES;
				CLANG_WARN_EMPTY_BODY = YES;
				CLANG_WARN_ENUM_CONVERSION = YES;
				CLANG_WARN_INFINITE_RECURSION = YES;
				CLANG_WARN_INT_CONVERSION = YES;
				CLANG_WARN_NON_LITERAL_NULL_CONVERSION = YES;
				CLANG_WARN_OBJC_LITERAL_CONVERSION = YES;
				CLANG_WARN_OBJC_ROOT_CLASS = YES_ERROR;
				CLANG_WARN_RANGE_LOOP_ANALYSIS = YES;
				CLANG_WARN_STRICT_PROTOTYPES = YES;
				CLANG_WARN_SUSPICIOUS_MOVE = YES;
				CLANG_WARN_UNGUARDED_AVAILABILITY = YES_AGGRESSIVE;
				CLANG_WARN_UNREACHABLE_CODE = YES;
				CLANG_WARN__DUPLICATE_METHOD_MATCH = YES;
				CODE_SIGN_IDENTITY = "iPhone Developer";
				COPY_PHASE_STRIP = NO;
				DEBUG_INFORMATION_FORMAT = "dwarf-with-dsym";
				ENABLE_NS_ASSERTIONS = NO;
				ENABLE_STRICT_OBJC_MSGSEND = YES;
				GCC_C_LANGUAGE_STANDARD = gnu11;
				GCC_NO_COMMON_BLOCKS = YES;
				GCC_WARN_64_TO_32_BIT_CONVERSION = YES;
				GCC_WARN_ABOUT_RETURN_TYPE = YES_ERROR;
				GCC_WARN_UNDECLARED_SELECTOR = YES;
				GCC_WARN_UNINITIALIZED_AUTOS = YES_AGGRESSIVE;
				GCC_WARN_UNUSED_FUNCTION = YES;
				GCC_WARN_UNUSED_VARIABLE = YES;
				IPHONEOS_DEPLOYMENT_TARGET = 11.0;
				MTL_ENABLE_DEBUG_INFO = NO;
				SDKROOT = iphoneos;
				SWIFT_OPTIMIZATION_LEVEL = "-Owholemodule";
				VALIDATE_PRODUCT = YES;
			};
			name = Release;
		};
		4B1DC4071FA537A50021DB8B /* Debug */ = {
			isa = XCBuildConfiguration;
			buildSettings = {
				ASSETCATALOG_COMPILER_APPICON_NAME = AppIcon;
				CODE_SIGN_STYLE = Automatic;
				DEVELOPMENT_TEAM = 7HF92455SQ;
				INFOPLIST_FILE = DesignTest/Info.plist;
				LD_RUNPATH_SEARCH_PATHS = "$(inherited) @executable_path/Frameworks";
				PRODUCT_BUNDLE_IDENTIFIER = com.amayorga.DesignTest;
				PRODUCT_NAME = "$(TARGET_NAME)";
				SWIFT_VERSION = 4.0;
				TARGETED_DEVICE_FAMILY = "1,2";
			};
			name = Debug;
		};
		4B1DC4081FA537A50021DB8B /* Release */ = {
			isa = XCBuildConfiguration;
			buildSettings = {
				ASSETCATALOG_COMPILER_APPICON_NAME = AppIcon;
				CODE_SIGN_STYLE = Automatic;
				DEVELOPMENT_TEAM = 7HF92455SQ;
				INFOPLIST_FILE = DesignTest/Info.plist;
				LD_RUNPATH_SEARCH_PATHS = "$(inherited) @executable_path/Frameworks";
				PRODUCT_BUNDLE_IDENTIFIER = com.amayorga.DesignTest;
				PRODUCT_NAME = "$(TARGET_NAME)";
				SWIFT_VERSION = 4.0;
				TARGETED_DEVICE_FAMILY = "1,2";
			};
			name = Release;
		};
/* End XCBuildConfiguration section */

/* Begin XCConfigurationList section */
		4B1DC3EF1FA537A50021DB8B /* Build configuration list for PBXProject "DesignTest" */ = {
			isa = XCConfigurationList;
			buildConfigurations = (
				4B1DC4041FA537A50021DB8B /* Debug */,
				4B1DC4051FA537A50021DB8B /* Release */,
			);
			defaultConfigurationIsVisible = 0;
			defaultConfigurationName = Release;
		};
		4B1DC4061FA537A50021DB8B /* Build configuration list for PBXNativeTarget "DesignTest" */ = {
			isa = XCConfigurationList;
			buildConfigurations = (
				4B1DC4071FA537A50021DB8B /* Debug */,
				4B1DC4081FA537A50021DB8B /* Release */,
			);
			defaultConfigurationIsVisible = 0;
			defaultConfigurationName = Release;
		};
/* End XCConfigurationList section */
	};
	rootObject = 4B1DC3EC1FA537A50021DB8B /* Project object */;
}
